
Microsoft Visual Studio Solution File, Format Version 12.00
# Visual Studio Version 17
VisualStudioVersion = 17.2.32505.173
MinimumVisualStudioVersion = 10.0.40219.1
Project("{FAE04EC0-301F-11D3-BF4B-00C04F79EFBC}") = "SearchGitHubRepositories", "SearchGitHubRepositories\SearchGitHubRepositories.csproj", "{E0D23622-338E-49BE-BE1D-CF1A840B5621}"
EndProject
Global
	GlobalSection(SolutionConfigurationPlatforms) = preSolution
		Debug|Any CPU = Debug|Any CPU
		Release|Any CPU = Release|Any CPU
	EndGlobalSection
	GlobalSection(ProjectConfigurationPlatforms) = postSolution
		{E0D23622-338E-49BE-BE1D-CF1A840B5621}.Debug|Any CPU.ActiveCfg = Debug|Any CPU
		{E0D23622-338E-49BE-BE1D-CF1A840B5621}.Debug|Any CPU.Build.0 = Debug|Any CPU
		{E0D23622-338E-49BE-BE1D-CF1A840B5621}.Release|Any CPU.ActiveCfg = Release|Any CPU
		{E0D23622-338E-49BE-BE1D-CF1A840B5621}.Release|Any CPU.Build.0 = Release|Any CPU
	EndGlobalSection
	GlobalSection(SolutionProperties) = preSolution
		HideSolutionNode = FALSE
	EndGlobalSection
	GlobalSection(ExtensibilityGlobals) = postSolution
		SolutionGuid = {9E18F8FA-4AB8-4CA4-8145-34623F93901E}
	EndGlobalSection
EndGlobal
